
Microsoft Visual Studio Solution File, Format Version 12.00
# Visual Studio Version 17
VisualStudioVersion = 17.7.34221.43
MinimumVisualStudioVersion = 10.0.40219.1
Project("{FAE04EC0-301F-11D3-BF4B-00C04F79EFBC}") = "MiTagger", "MiTagger\MiTagger.csproj", "{A2CFC5E4-82D1-4521-836B-B3AEFA0C9EB4}"
	ProjectSection(ProjectDependencies) = postProject
		{98DE14CB-75F2-4631-B065-E61989547E87} = {98DE14CB-75F2-4631-B065-E61989547E87}
	EndProjectSection
EndProject
Project("{54435603-DBB4-11D2-8724-00A0C9A8B90C}") = "MiTagger Installer", "MiTagger Installer\SwiftMiX Installer.vdproj", "{6ECF19D5-3AD0-4DC5-8228-31201CD4D6A0}"
EndProject
Project("{9A19103F-16F7-4668-BE54-9A1E7A4F7556}") = "TaglibSharp", "..\taglib-sharp-main\src\TaglibSharp\TaglibSharp.csproj", "{98DE14CB-75F2-4631-B065-E61989547E87}"
EndProject
Global
	GlobalSection(SolutionConfigurationPlatforms) = preSolution
		Debug|Any CPU = Debug|Any CPU
		Debug|x64 = Debug|x64
		Debug|x86 = Debug|x86
		Release|Any CPU = Release|Any CPU
		Release|x64 = Release|x64
		Release|x86 = Release|x86
	EndGlobalSection
	GlobalSection(ProjectConfigurationPlatforms) = postSolution
		{A2CFC5E4-82D1-4521-836B-B3AEFA0C9EB4}.Debug|Any CPU.ActiveCfg = Debug|Any CPU
		{A2CFC5E4-82D1-4521-836B-B3AEFA0C9EB4}.Debug|Any CPU.Build.0 = Debug|Any CPU
		{A2CFC5E4-82D1-4521-836B-B3AEFA0C9EB4}.Debug|x64.ActiveCfg = Debug|Any CPU
		{A2CFC5E4-82D1-4521-836B-B3AEFA0C9EB4}.Debug|x64.Build.0 = Debug|Any CPU
		{A2CFC5E4-82D1-4521-836B-B3AEFA0C9EB4}.Debug|x86.ActiveCfg = Debug|Any CPU
		{A2CFC5E4-82D1-4521-836B-B3AEFA0C9EB4}.Debug|x86.Build.0 = Debug|Any CPU
		{A2CFC5E4-82D1-4521-836B-B3AEFA0C9EB4}.Release|Any CPU.ActiveCfg = Release|Any CPU
		{A2CFC5E4-82D1-4521-836B-B3AEFA0C9EB4}.Release|Any CPU.Build.0 = Release|Any CPU
		{A2CFC5E4-82D1-4521-836B-B3AEFA0C9EB4}.Release|x64.ActiveCfg = Release|Any CPU
		{A2CFC5E4-82D1-4521-836B-B3AEFA0C9EB4}.Release|x64.Build.0 = Release|Any CPU
		{A2CFC5E4-82D1-4521-836B-B3AEFA0C9EB4}.Release|x86.ActiveCfg = Release|Any CPU
		{A2CFC5E4-82D1-4521-836B-B3AEFA0C9EB4}.Release|x86.Build.0 = Release|Any CPU
		{6ECF19D5-3AD0-4DC5-8228-31201CD4D6A0}.Debug|Any CPU.ActiveCfg = Debug
		{6ECF19D5-3AD0-4DC5-8228-31201CD4D6A0}.Debug|Any CPU.Build.0 = Debug
		{6ECF19D5-3AD0-4DC5-8228-31201CD4D6A0}.Debug|x64.ActiveCfg = Debug
		{6ECF19D5-3AD0-4DC5-8228-31201CD4D6A0}.Debug|x64.Build.0 = Debug
		{6ECF19D5-3AD0-4DC5-8228-31201CD4D6A0}.Debug|x86.ActiveCfg = Debug
		{6ECF19D5-3AD0-4DC5-8228-31201CD4D6A0}.Release|Any CPU.ActiveCfg = Release
		{6ECF19D5-3AD0-4DC5-8228-31201CD4D6A0}.Release|Any CPU.Build.0 = Release
		{6ECF19D5-3AD0-4DC5-8228-31201CD4D6A0}.Release|x64.ActiveCfg = Release
		{6ECF19D5-3AD0-4DC5-8228-31201CD4D6A0}.Release|x64.Build.0 = Release
		{6ECF19D5-3AD0-4DC5-8228-31201CD4D6A0}.Release|x86.ActiveCfg = Release
		{98DE14CB-75F2-4631-B065-E61989547E87}.Debug|Any CPU.ActiveCfg = Debug|Any CPU
		{98DE14CB-75F2-4631-B065-E61989547E87}.Debug|Any CPU.Build.0 = Debug|Any CPU
		{98DE14CB-75F2-4631-B065-E61989547E87}.Debug|x64.ActiveCfg = Debug|Any CPU
		{98DE14CB-75F2-4631-B065-E61989547E87}.Debug|x64.Build.0 = Debug|Any CPU
		{98DE14CB-75F2-4631-B065-E61989547E87}.Debug|x86.ActiveCfg = Debug|Any CPU
		{98DE14CB-75F2-4631-B065-E61989547E87}.Debug|x86.Build.0 = Debug|Any CPU
		{98DE14CB-75F2-4631-B065-E61989547E87}.Release|Any CPU.ActiveCfg = Release|Any CPU
		{98DE14CB-75F2-4631-B065-E61989547E87}.Release|Any CPU.Build.0 = Release|Any CPU
		{98DE14CB-75F2-4631-B065-E61989547E87}.Release|x64.ActiveCfg = Release|Any CPU
		{98DE14CB-75F2-4631-B065-E61989547E87}.Release|x64.Build.0 = Release|Any CPU
		{98DE14CB-75F2-4631-B065-E61989547E87}.Release|x86.ActiveCfg = Release|Any CPU
		{98DE14CB-75F2-4631-B065-E61989547E87}.Release|x86.Build.0 = Release|Any CPU
	EndGlobalSection
	GlobalSection(SolutionProperties) = preSolution
		HideSolutionNode = FALSE
	EndGlobalSection
	GlobalSection(ExtensibilityGlobals) = postSolution
		SolutionGuid = {8C5F8D03-CF02-4A16-A1AD-53AF4BB0A18F}
	EndGlobalSection
EndGlobal
